
Microsoft Visual Studio Solution File, Format Version 12.00
# Visual Studio Version 17
VisualStudioVersion = 17.10.35122.118
MinimumVisualStudioVersion = 10.0.40219.1
Project("{FAE04EC0-301F-11D3-BF4B-00C04F79EFBC}") = "SpecialCharacterString", "SpecialCharacterString.csproj", "{9AC5E6A9-EF06-4A23-A881-8E1AB1893160}"
EndProject
Global
	GlobalSection(SolutionConfigurationPlatforms) = preSolution
		Debug|Any CPU = Debug|Any CPU
		Release|Any CPU = Release|Any CPU
	EndGlobalSection
	GlobalSection(ProjectConfigurationPlatforms) = postSolution
		{9AC5E6A9-EF06-4A23-A881-8E1AB1893160}.Debug|Any CPU.ActiveCfg = Debug|Any CPU
		{9AC5E6A9-EF06-4A23-A881-8E1AB1893160}.Debug|Any CPU.Build.0 = Debug|Any CPU
		{9AC5E6A9-EF06-4A23-A881-8E1AB1893160}.Release|Any CPU.ActiveCfg = Release|Any CPU
		{9AC5E6A9-EF06-4A23-A881-8E1AB1893160}.Release|Any CPU.Build.0 = Release|Any CPU
	EndGlobalSection
	GlobalSection(SolutionProperties) = preSolution
		HideSolutionNode = FALSE
	EndGlobalSection
	GlobalSection(ExtensibilityGlobals) = postSolution
		SolutionGuid = {6548821F-ACBC-429C-9BB3-25430EE00C24}
	EndGlobalSection
EndGlobal
